{
  "version": 4,
  "terraform_version": "0.12.12",
  "serial": 43,
  "lineage": "d5ee851b-8bd0-dca1-6ab1-ab294f2b6670",
  "outputs": {},
  "resources": [
    {
      "mode": "managed",
      "type": "docker_service",
      "name": "otp_manage",
      "provider": "provider.docker",
      "instances": [
        {
          "schema_version": 1,
          "attributes": {
            "auth": null,
            "converge_config": [],
            "endpoint_spec": [
              {
                "mode": "vip",
                "ports": [
                  {
                    "name": "",
                    "protocol": "tcp",
                    "publish_mode": "ingress",
                    "published_port": 7076,
                    "target_port": 7076
                  }
                ]
              }
            ],
            "id": "ulg0hxkgtpkc03f4v44detimz",
            "labels": [],
            "mode": [
              {
                "global": false,
                "replicated": [
                  {
                    "replicas": 1
                  }
                ]
              }
            ],
            "name": "otp_manage",
            "rollback_config": [],
            "task_spec": [
              {
                "container_spec": [
                  {
                    "args": null,
                    "command": null,
                    "configs": [],
                    "dir": "",
                    "dns_config": [
                      {
                        "nameservers": null,
                        "options": null,
                        "search": null
                      }
                    ],
                    "env": {
                      "active_profile_env": "new_uat",
                      "spring_config_label_env": "1.0.0",
                      "spring_config_url_env": "http://172.30.154.96:51000/config"
                    },
                    "groups": null,
                    "healthcheck": [
                      {
                        "interval": "0s",
                        "retries": 0,
                        "start_period": "0s",
                        "test": [],
                        "timeout": "0s"
                      }
                    ],
                    "hostname": "",
                    "hosts": [],
                    "image": "172.16.11.166:37719/telemed/otpmanageservice:2021-10-01-11.40@sha256:11467682e4f1a78161062023f0571865915d3aadbb2bc2d1cf220def391aa736",
                    "isolation": "default",
                    "labels": [],
                    "mounts": [
                      {
                        "bind_options": [],
                        "read_only": null,
                        "source": "/etc/localtime",
                        "target": "/etc/TZ",
                        "tmpfs_options": [],
                        "type": "bind",
                        "volume_options": []
                      }
                    ],
                    "privileges": [],
                    "read_only": false,
                    "secrets": [],
                    "stop_grace_period": "0s",
                    "stop_signal": "",
                    "user": ""
                  }
                ],
                "force_update": 0,
                "log_driver": [],
                "networks": null,
                "placement": [
                  {
                    "constraints": [],
                    "platforms": [
                      {
                        "architecture": "amd64",
                        "os": "linux"
                      }
                    ],
                    "prefs": []
                  }
                ],
                "resources": [
                  {
                    "limits": [],
                    "reservation": []
                  }
                ],
                "restart_policy": {
                  "condition": "any",
                  "max_attempts": "0"
                },
                "runtime": "container"
              }
            ],
            "update_config": [
              {
                "delay": "10s",
                "failure_action": "pause",
                "max_failure_ratio": "0.1",
                "monitor": "5s",
                "order": "start-first",
                "parallelism": 1
              }
            ]
          },
          "private": "eyJzY2hlbWFfdmVyc2lvbiI6IjEifQ=="
        }
      ]
    }
  ]
}
